
Microsoft Visual Studio Solution File, Format Version 12.00
# Visual Studio Version 17
VisualStudioVersion = 17.14.36301.6 d17.14
MinimumVisualStudioVersion = 10.0.40219.1
Project("{FAE04EC0-301F-11D3-BF4B-00C04F79EFBC}") = "Alex_Mai", "WpfApp1\Alex_Mai.csproj", "{CA125F08-3CCF-4178-99F0-EA79ACD61527}"
EndProject
Global
	GlobalSection(SolutionConfigurationPlatforms) = preSolution
		Debug|Any CPU = Debug|Any CPU
		Release|Any CPU = Release|Any CPU
	EndGlobalSection
	GlobalSection(ProjectConfigurationPlatforms) = postSolution
		{CA125F08-3CCF-4178-99F0-EA79ACD61527}.Debug|Any CPU.ActiveCfg = Debug|Any CPU
		{CA125F08-3CCF-4178-99F0-EA79ACD61527}.Debug|Any CPU.Build.0 = Debug|Any CPU
		{CA125F08-3CCF-4178-99F0-EA79ACD61527}.Release|Any CPU.ActiveCfg = Release|Any CPU
		{CA125F08-3CCF-4178-99F0-EA79ACD61527}.Release|Any CPU.Build.0 = Release|Any CPU
	EndGlobalSection
	GlobalSection(SolutionProperties) = preSolution
		HideSolutionNode = FALSE
	EndGlobalSection
	GlobalSection(ExtensibilityGlobals) = postSolution
		SolutionGuid = {3BC4D67E-DBD9-4726-B32E-BC4F69B519F3}
	EndGlobalSection
EndGlobal
